
Microsoft Visual Studio Solution File, Format Version 12.00
# Visual Studio Version 17
VisualStudioVersion = 17.8.34322.80
MinimumVisualStudioVersion = 10.0.40219.1
Project("{9A19103F-16F7-4668-BE54-9A1E7A4F7556}") = "Simple_Eshop", "Simple_Eshop.csproj", "{3DCA7B9E-5AC3-423B-94C9-C34BDCAC3AB4}"
EndProject
Project("{FAE04EC0-301F-11D3-BF4B-00C04F79EFBC}") = "SimpleEshopTests", "..\SimpleEshopTests\SimpleEshopTests.csproj", "{A43D9938-43EE-4C09-A962-DB3BCDDAAFC7}"
EndProject
Global
	GlobalSection(SolutionConfigurationPlatforms) = preSolution
		Debug|Any CPU = Debug|Any CPU
		Release|Any CPU = Release|Any CPU
	EndGlobalSection
	GlobalSection(ProjectConfigurationPlatforms) = postSolution
		{3DCA7B9E-5AC3-423B-94C9-C34BDCAC3AB4}.Debug|Any CPU.ActiveCfg = Debug|Any CPU
		{3DCA7B9E-5AC3-423B-94C9-C34BDCAC3AB4}.Debug|Any CPU.Build.0 = Debug|Any CPU
		{3DCA7B9E-5AC3-423B-94C9-C34BDCAC3AB4}.Release|Any CPU.ActiveCfg = Release|Any CPU
		{3DCA7B9E-5AC3-423B-94C9-C34BDCAC3AB4}.Release|Any CPU.Build.0 = Release|Any CPU
		{A43D9938-43EE-4C09-A962-DB3BCDDAAFC7}.Debug|Any CPU.ActiveCfg = Debug|Any CPU
		{A43D9938-43EE-4C09-A962-DB3BCDDAAFC7}.Debug|Any CPU.Build.0 = Debug|Any CPU
		{A43D9938-43EE-4C09-A962-DB3BCDDAAFC7}.Release|Any CPU.ActiveCfg = Release|Any CPU
		{A43D9938-43EE-4C09-A962-DB3BCDDAAFC7}.Release|Any CPU.Build.0 = Release|Any CPU
	EndGlobalSection
	GlobalSection(SolutionProperties) = preSolution
		HideSolutionNode = FALSE
	EndGlobalSection
	GlobalSection(ExtensibilityGlobals) = postSolution
		SolutionGuid = {67044F49-8D38-4049-B37A-6B33293BA3BF}
	EndGlobalSection
EndGlobal
